
Microsoft Visual Studio Solution File, Format Version 12.00
# Visual Studio 15
VisualStudioVersion = 15.0.26124.0
MinimumVisualStudioVersion = 15.0.26124.0
Project("{FAE04EC0-301F-11D3-BF4B-00C04F79EFBC}") = "Domain", "Domain\Domain.csproj", "{0BFF32D9-74FB-47D9-849C-EB33635FF405}"
EndProject
Project("{FAE04EC0-301F-11D3-BF4B-00C04F79EFBC}") = "Application", "Application\Application.csproj", "{89269D00-E94D-433E-8B20-080137024D87}"
EndProject
Project("{FAE04EC0-301F-11D3-BF4B-00C04F79EFBC}") = "Persistence", "Persistence\Persistence.csproj", "{AC2474D0-F601-46AC-8524-12F10F57912A}"
EndProject
Project("{FAE04EC0-301F-11D3-BF4B-00C04F79EFBC}") = "API", "API\API.csproj", "{2498F06A-D3C6-432C-A7C8-3EF786958D79}"
EndProject
Project("{FAE04EC0-301F-11D3-BF4B-00C04F79EFBC}") = "Infrastructure", "Infrastructure\Infrastructure.csproj", "{FE15B20E-9F7F-4697-98AD-B063A82F1E76}"
EndProject
Global
	GlobalSection(SolutionConfigurationPlatforms) = preSolution
		Debug|Any CPU = Debug|Any CPU
		Debug|x64 = Debug|x64
		Debug|x86 = Debug|x86
		Release|Any CPU = Release|Any CPU
		Release|x64 = Release|x64
		Release|x86 = Release|x86
	EndGlobalSection
	GlobalSection(SolutionProperties) = preSolution
		HideSolutionNode = FALSE
	EndGlobalSection
	GlobalSection(ProjectConfigurationPlatforms) = postSolution
		{0BFF32D9-74FB-47D9-849C-EB33635FF405}.Debug|Any CPU.ActiveCfg = Debug|Any CPU
		{0BFF32D9-74FB-47D9-849C-EB33635FF405}.Debug|Any CPU.Build.0 = Debug|Any CPU
		{0BFF32D9-74FB-47D9-849C-EB33635FF405}.Debug|x64.ActiveCfg = Debug|Any CPU
		{0BFF32D9-74FB-47D9-849C-EB33635FF405}.Debug|x64.Build.0 = Debug|Any CPU
		{0BFF32D9-74FB-47D9-849C-EB33635FF405}.Debug|x86.ActiveCfg = Debug|Any CPU
		{0BFF32D9-74FB-47D9-849C-EB33635FF405}.Debug|x86.Build.0 = Debug|Any CPU
		{0BFF32D9-74FB-47D9-849C-EB33635FF405}.Release|Any CPU.ActiveCfg = Release|Any CPU
		{0BFF32D9-74FB-47D9-849C-EB33635FF405}.Release|Any CPU.Build.0 = Release|Any CPU
		{0BFF32D9-74FB-47D9-849C-EB33635FF405}.Release|x64.ActiveCfg = Release|Any CPU
		{0BFF32D9-74FB-47D9-849C-EB33635FF405}.Release|x64.Build.0 = Release|Any CPU
		{0BFF32D9-74FB-47D9-849C-EB33635FF405}.Release|x86.ActiveCfg = Release|Any CPU
		{0BFF32D9-74FB-47D9-849C-EB33635FF405}.Release|x86.Build.0 = Release|Any CPU
		{89269D00-E94D-433E-8B20-080137024D87}.Debug|Any CPU.ActiveCfg = Debug|Any CPU
		{89269D00-E94D-433E-8B20-080137024D87}.Debug|Any CPU.Build.0 = Debug|Any CPU
		{89269D00-E94D-433E-8B20-080137024D87}.Debug|x64.ActiveCfg = Debug|Any CPU
		{89269D00-E94D-433E-8B20-080137024D87}.Debug|x64.Build.0 = Debug|Any CPU
		{89269D00-E94D-433E-8B20-080137024D87}.Debug|x86.ActiveCfg = Debug|Any CPU
		{89269D00-E94D-433E-8B20-080137024D87}.Debug|x86.Build.0 = Debug|Any CPU
		{89269D00-E94D-433E-8B20-080137024D87}.Release|Any CPU.ActiveCfg = Release|Any CPU
		{89269D00-E94D-433E-8B20-080137024D87}.Release|Any CPU.Build.0 = Release|Any CPU
		{89269D00-E94D-433E-8B20-080137024D87}.Release|x64.ActiveCfg = Release|Any CPU
		{89269D00-E94D-433E-8B20-080137024D87}.Release|x64.Build.0 = Release|Any CPU
		{89269D00-E94D-433E-8B20-080137024D87}.Release|x86.ActiveCfg = Release|Any CPU
		{89269D00-E94D-433E-8B20-080137024D87}.Release|x86.Build.0 = Release|Any CPU
		{AC2474D0-F601-46AC-8524-12F10F57912A}.Debug|Any CPU.ActiveCfg = Debug|Any CPU
		{AC2474D0-F601-46AC-8524-12F10F57912A}.Debug|Any CPU.Build.0 = Debug|Any CPU
		{AC2474D0-F601-46AC-8524-12F10F57912A}.Debug|x64.ActiveCfg = Debug|Any CPU
		{AC2474D0-F601-46AC-8524-12F10F57912A}.Debug|x64.Build.0 = Debug|Any CPU
		{AC2474D0-F601-46AC-8524-12F10F57912A}.Debug|x86.ActiveCfg = Debug|Any CPU
		{AC2474D0-F601-46AC-8524-12F10F57912A}.Debug|x86.Build.0 = Debug|Any CPU
		{AC2474D0-F601-46AC-8524-12F10F57912A}.Release|Any CPU.ActiveCfg = Release|Any CPU
		{AC2474D0-F601-46AC-8524-12F10F57912A}.Release|Any CPU.Build.0 = Release|Any CPU
		{AC2474D0-F601-46AC-8524-12F10F57912A}.Release|x64.ActiveCfg = Release|Any CPU
		{AC2474D0-F601-46AC-8524-12F10F57912A}.Release|x64.Build.0 = Release|Any CPU
		{AC2474D0-F601-46AC-8524-12F10F57912A}.Release|x86.ActiveCfg = Release|Any CPU
		{AC2474D0-F601-46AC-8524-12F10F57912A}.Release|x86.Build.0 = Release|Any CPU
		{2498F06A-D3C6-432C-A7C8-3EF786958D79}.Debug|Any CPU.ActiveCfg = Debug|Any CPU
		{2498F06A-D3C6-432C-A7C8-3EF786958D79}.Debug|Any CPU.Build.0 = Debug|Any CPU
		{2498F06A-D3C6-432C-A7C8-3EF786958D79}.Debug|x64.ActiveCfg = Debug|Any CPU
		{2498F06A-D3C6-432C-A7C8-3EF786958D79}.Debug|x64.Build.0 = Debug|Any CPU
		{2498F06A-D3C6-432C-A7C8-3EF786958D79}.Debug|x86.ActiveCfg = Debug|Any CPU
		{2498F06A-D3C6-432C-A7C8-3EF786958D79}.Debug|x86.Build.0 = Debug|Any CPU
		{2498F06A-D3C6-432C-A7C8-3EF786958D79}.Release|Any CPU.ActiveCfg = Release|Any CPU
		{2498F06A-D3C6-432C-A7C8-3EF786958D79}.Release|Any CPU.Build.0 = Release|Any CPU
		{2498F06A-D3C6-432C-A7C8-3EF786958D79}.Release|x64.ActiveCfg = Release|Any CPU
		{2498F06A-D3C6-432C-A7C8-3EF786958D79}.Release|x64.Build.0 = Release|Any CPU
		{2498F06A-D3C6-432C-A7C8-3EF786958D79}.Release|x86.ActiveCfg = Release|Any CPU
		{2498F06A-D3C6-432C-A7C8-3EF786958D79}.Release|x86.Build.0 = Release|Any CPU
		{FE15B20E-9F7F-4697-98AD-B063A82F1E76}.Debug|Any CPU.ActiveCfg = Debug|Any CPU
		{FE15B20E-9F7F-4697-98AD-B063A82F1E76}.Debug|Any CPU.Build.0 = Debug|Any CPU
		{FE15B20E-9F7F-4697-98AD-B063A82F1E76}.Debug|x64.ActiveCfg = Debug|Any CPU
		{FE15B20E-9F7F-4697-98AD-B063A82F1E76}.Debug|x64.Build.0 = Debug|Any CPU
		{FE15B20E-9F7F-4697-98AD-B063A82F1E76}.Debug|x86.ActiveCfg = Debug|Any CPU
		{FE15B20E-9F7F-4697-98AD-B063A82F1E76}.Debug|x86.Build.0 = Debug|Any CPU
		{FE15B20E-9F7F-4697-98AD-B063A82F1E76}.Release|Any CPU.ActiveCfg = Release|Any CPU
		{FE15B20E-9F7F-4697-98AD-B063A82F1E76}.Release|Any CPU.Build.0 = Release|Any CPU
		{FE15B20E-9F7F-4697-98AD-B063A82F1E76}.Release|x64.ActiveCfg = Release|Any CPU
		{FE15B20E-9F7F-4697-98AD-B063A82F1E76}.Release|x64.Build.0 = Release|Any CPU
		{FE15B20E-9F7F-4697-98AD-B063A82F1E76}.Release|x86.ActiveCfg = Release|Any CPU
		{FE15B20E-9F7F-4697-98AD-B063A82F1E76}.Release|x86.Build.0 = Release|Any CPU
	EndGlobalSection
EndGlobal
